
Microsoft Visual Studio Solution File, Format Version 12.00
# Visual Studio Version 16
VisualStudioVersion = 16.0.30503.244
MinimumVisualStudioVersion = 10.0.40219.1
Project("{FAE04EC0-301F-11D3-BF4B-00C04F79EFBC}") = "Static Class Attribute", "Static Class Attribute.csproj", "{ED467A87-8D4B-4B43-B46A-87EF5596FA08}"
EndProject
Global
	GlobalSection(SolutionConfigurationPlatforms) = preSolution
		Debug|Any CPU = Debug|Any CPU
		Release|Any CPU = Release|Any CPU
	EndGlobalSection
	GlobalSection(ProjectConfigurationPlatforms) = postSolution
		{ED467A87-8D4B-4B43-B46A-87EF5596FA08}.Debug|Any CPU.ActiveCfg = Debug|Any CPU
		{ED467A87-8D4B-4B43-B46A-87EF5596FA08}.Debug|Any CPU.Build.0 = Debug|Any CPU
		{ED467A87-8D4B-4B43-B46A-87EF5596FA08}.Release|Any CPU.ActiveCfg = Release|Any CPU
		{ED467A87-8D4B-4B43-B46A-87EF5596FA08}.Release|Any CPU.Build.0 = Release|Any CPU
	EndGlobalSection
	GlobalSection(SolutionProperties) = preSolution
		HideSolutionNode = FALSE
	EndGlobalSection
	GlobalSection(ExtensibilityGlobals) = postSolution
		SolutionGuid = {8E82CB0E-C9B4-45D5-B779-946416D2C411}
	EndGlobalSection
EndGlobal
