
Microsoft Visual Studio Solution File, Format Version 12.00
# Visual Studio Version 16
VisualStudioVersion = 16.0.30503.244
MinimumVisualStudioVersion = 10.0.40219.1
Project("{FAE04EC0-301F-11D3-BF4B-00C04F79EFBC}") = "Object Methods", "Object Methods.csproj", "{535FEFED-9565-4CF1-8538-CA2DFA145011}"
EndProject
Global
	GlobalSection(SolutionConfigurationPlatforms) = preSolution
		Debug|Any CPU = Debug|Any CPU
		Release|Any CPU = Release|Any CPU
	EndGlobalSection
	GlobalSection(ProjectConfigurationPlatforms) = postSolution
		{535FEFED-9565-4CF1-8538-CA2DFA145011}.Debug|Any CPU.ActiveCfg = Debug|Any CPU
		{535FEFED-9565-4CF1-8538-CA2DFA145011}.Debug|Any CPU.Build.0 = Debug|Any CPU
		{535FEFED-9565-4CF1-8538-CA2DFA145011}.Release|Any CPU.ActiveCfg = Release|Any CPU
		{535FEFED-9565-4CF1-8538-CA2DFA145011}.Release|Any CPU.Build.0 = Release|Any CPU
	EndGlobalSection
	GlobalSection(SolutionProperties) = preSolution
		HideSolutionNode = FALSE
	EndGlobalSection
	GlobalSection(ExtensibilityGlobals) = postSolution
		SolutionGuid = {4DCB9FA6-7E87-4103-8E88-7A577D9CF596}
	EndGlobalSection
EndGlobal
