
Microsoft Visual Studio Solution File, Format Version 12.00
# Visual Studio Version 16
VisualStudioVersion = 16.0.30523.141
MinimumVisualStudioVersion = 10.0.40219.1
Project("{FAE04EC0-301F-11D3-BF4B-00C04F79EFBC}") = "wek7", "wek7.csproj", "{4514F98F-2B91-4348-94AB-AEA93C958D70}"
EndProject
Global
	GlobalSection(SolutionConfigurationPlatforms) = preSolution
		Debug|Any CPU = Debug|Any CPU
		Release|Any CPU = Release|Any CPU
	EndGlobalSection
	GlobalSection(ProjectConfigurationPlatforms) = postSolution
		{4514F98F-2B91-4348-94AB-AEA93C958D70}.Debug|Any CPU.ActiveCfg = Debug|Any CPU
		{4514F98F-2B91-4348-94AB-AEA93C958D70}.Debug|Any CPU.Build.0 = Debug|Any CPU
		{4514F98F-2B91-4348-94AB-AEA93C958D70}.Release|Any CPU.ActiveCfg = Release|Any CPU
		{4514F98F-2B91-4348-94AB-AEA93C958D70}.Release|Any CPU.Build.0 = Release|Any CPU
	EndGlobalSection
	GlobalSection(SolutionProperties) = preSolution
		HideSolutionNode = FALSE
	EndGlobalSection
	GlobalSection(ExtensibilityGlobals) = postSolution
		SolutionGuid = {81576088-CA60-460E-9C78-7371BC969117}
	EndGlobalSection
EndGlobal
