
Microsoft Visual Studio Solution File, Format Version 12.00
# Visual Studio Version 16
VisualStudioVersion = 16.0.30523.141
MinimumVisualStudioVersion = 10.0.40219.1
Project("{FAE04EC0-301F-11D3-BF4B-00C04F79EFBC}") = "Prog_assignment_timer_stopwatch", "Prog_assignment_timer_stopwatch.csproj", "{ECC9F29F-84D2-42CB-9313-7858AEBE8D48}"
EndProject
Global
	GlobalSection(SolutionConfigurationPlatforms) = preSolution
		Debug|Any CPU = Debug|Any CPU
		Release|Any CPU = Release|Any CPU
	EndGlobalSection
	GlobalSection(ProjectConfigurationPlatforms) = postSolution
		{ECC9F29F-84D2-42CB-9313-7858AEBE8D48}.Debug|Any CPU.ActiveCfg = Debug|Any CPU
		{ECC9F29F-84D2-42CB-9313-7858AEBE8D48}.Debug|Any CPU.Build.0 = Debug|Any CPU
		{ECC9F29F-84D2-42CB-9313-7858AEBE8D48}.Release|Any CPU.ActiveCfg = Release|Any CPU
		{ECC9F29F-84D2-42CB-9313-7858AEBE8D48}.Release|Any CPU.Build.0 = Release|Any CPU
	EndGlobalSection
	GlobalSection(SolutionProperties) = preSolution
		HideSolutionNode = FALSE
	EndGlobalSection
	GlobalSection(ExtensibilityGlobals) = postSolution
		SolutionGuid = {6418963C-F3B4-4130-9F73-E2F857364980}
	EndGlobalSection
EndGlobal
