
Microsoft Visual Studio Solution File, Format Version 12.00
# Visual Studio Version 16
VisualStudioVersion = 16.0.30503.244
MinimumVisualStudioVersion = 10.0.40219.1
Project("{FAE04EC0-301F-11D3-BF4B-00C04F79EFBC}") = "Return Statement", "Return Statement.csproj", "{CE5D353E-2FE0-4CB9-AE11-DE005211D469}"
EndProject
Global
	GlobalSection(SolutionConfigurationPlatforms) = preSolution
		Debug|Any CPU = Debug|Any CPU
		Release|Any CPU = Release|Any CPU
	EndGlobalSection
	GlobalSection(ProjectConfigurationPlatforms) = postSolution
		{CE5D353E-2FE0-4CB9-AE11-DE005211D469}.Debug|Any CPU.ActiveCfg = Debug|Any CPU
		{CE5D353E-2FE0-4CB9-AE11-DE005211D469}.Debug|Any CPU.Build.0 = Debug|Any CPU
		{CE5D353E-2FE0-4CB9-AE11-DE005211D469}.Release|Any CPU.ActiveCfg = Release|Any CPU
		{CE5D353E-2FE0-4CB9-AE11-DE005211D469}.Release|Any CPU.Build.0 = Release|Any CPU
	EndGlobalSection
	GlobalSection(SolutionProperties) = preSolution
		HideSolutionNode = FALSE
	EndGlobalSection
	GlobalSection(ExtensibilityGlobals) = postSolution
		SolutionGuid = {2BE87866-8DF6-4AC5-BE9D-8F425648F687}
	EndGlobalSection
EndGlobal
