
Microsoft Visual Studio Solution File, Format Version 12.00
# Visual Studio Version 16
VisualStudioVersion = 16.0.30503.244
MinimumVisualStudioVersion = 10.0.40219.1
Project("{FAE04EC0-301F-11D3-BF4B-00C04F79EFBC}") = "c sharp class 2", "c sharp class 2.csproj", "{5738A599-44E6-412D-8E82-D2BA33C2D4BD}"
EndProject
Global
	GlobalSection(SolutionConfigurationPlatforms) = preSolution
		Debug|Any CPU = Debug|Any CPU
		Release|Any CPU = Release|Any CPU
	EndGlobalSection
	GlobalSection(ProjectConfigurationPlatforms) = postSolution
		{5738A599-44E6-412D-8E82-D2BA33C2D4BD}.Debug|Any CPU.ActiveCfg = Debug|Any CPU
		{5738A599-44E6-412D-8E82-D2BA33C2D4BD}.Debug|Any CPU.Build.0 = Debug|Any CPU
		{5738A599-44E6-412D-8E82-D2BA33C2D4BD}.Release|Any CPU.ActiveCfg = Release|Any CPU
		{5738A599-44E6-412D-8E82-D2BA33C2D4BD}.Release|Any CPU.Build.0 = Release|Any CPU
	EndGlobalSection
	GlobalSection(SolutionProperties) = preSolution
		HideSolutionNode = FALSE
	EndGlobalSection
	GlobalSection(ExtensibilityGlobals) = postSolution
		SolutionGuid = {77C14614-7EB1-4370-9ABE-A00943FAC074}
	EndGlobalSection
EndGlobal
