
Microsoft Visual Studio Solution File, Format Version 12.00
# Visual Studio Version 16
VisualStudioVersion = 16.0.30503.244
MinimumVisualStudioVersion = 10.0.40219.1
Project("{FAE04EC0-301F-11D3-BF4B-00C04F79EFBC}") = "Build a guessing gamee", "Build a guessing gamee.csproj", "{AA1FA8A5-3249-43F1-AD92-D6446DB3B861}"
EndProject
Global
	GlobalSection(SolutionConfigurationPlatforms) = preSolution
		Debug|Any CPU = Debug|Any CPU
		Release|Any CPU = Release|Any CPU
	EndGlobalSection
	GlobalSection(ProjectConfigurationPlatforms) = postSolution
		{AA1FA8A5-3249-43F1-AD92-D6446DB3B861}.Debug|Any CPU.ActiveCfg = Debug|Any CPU
		{AA1FA8A5-3249-43F1-AD92-D6446DB3B861}.Debug|Any CPU.Build.0 = Debug|Any CPU
		{AA1FA8A5-3249-43F1-AD92-D6446DB3B861}.Release|Any CPU.ActiveCfg = Release|Any CPU
		{AA1FA8A5-3249-43F1-AD92-D6446DB3B861}.Release|Any CPU.Build.0 = Release|Any CPU
	EndGlobalSection
	GlobalSection(SolutionProperties) = preSolution
		HideSolutionNode = FALSE
	EndGlobalSection
	GlobalSection(ExtensibilityGlobals) = postSolution
		SolutionGuid = {543AF198-6127-4D5E-83C2-DDFBB2F67496}
	EndGlobalSection
EndGlobal
