
Microsoft Visual Studio Solution File, Format Version 12.00
# Visual Studio Version 16
VisualStudioVersion = 16.0.30503.244
MinimumVisualStudioVersion = 10.0.40219.1
Project("{FAE04EC0-301F-11D3-BF4B-00C04F79EFBC}") = "static method and classes", "static method and classes.csproj", "{8943564C-4FA4-4F2E-9677-661F953A9CF0}"
EndProject
Global
	GlobalSection(SolutionConfigurationPlatforms) = preSolution
		Debug|Any CPU = Debug|Any CPU
		Release|Any CPU = Release|Any CPU
	EndGlobalSection
	GlobalSection(ProjectConfigurationPlatforms) = postSolution
		{8943564C-4FA4-4F2E-9677-661F953A9CF0}.Debug|Any CPU.ActiveCfg = Debug|Any CPU
		{8943564C-4FA4-4F2E-9677-661F953A9CF0}.Debug|Any CPU.Build.0 = Debug|Any CPU
		{8943564C-4FA4-4F2E-9677-661F953A9CF0}.Release|Any CPU.ActiveCfg = Release|Any CPU
		{8943564C-4FA4-4F2E-9677-661F953A9CF0}.Release|Any CPU.Build.0 = Release|Any CPU
	EndGlobalSection
	GlobalSection(SolutionProperties) = preSolution
		HideSolutionNode = FALSE
	EndGlobalSection
	GlobalSection(ExtensibilityGlobals) = postSolution
		SolutionGuid = {1A6464AA-143A-48B5-B4A5-642C39391510}
	EndGlobalSection
EndGlobal
