
Microsoft Visual Studio Solution File, Format Version 12.00
# Visual Studio Version 16
VisualStudioVersion = 16.0.30711.63
MinimumVisualStudioVersion = 10.0.40219.1
Project("{FAE04EC0-301F-11D3-BF4B-00C04F79EFBC}") = "wk12", "wk12.csproj", "{7CD39D74-681A-49B8-8FDA-077B33D42C70}"
EndProject
Global
	GlobalSection(SolutionConfigurationPlatforms) = preSolution
		Debug|Any CPU = Debug|Any CPU
		Release|Any CPU = Release|Any CPU
	EndGlobalSection
	GlobalSection(ProjectConfigurationPlatforms) = postSolution
		{7CD39D74-681A-49B8-8FDA-077B33D42C70}.Debug|Any CPU.ActiveCfg = Debug|Any CPU
		{7CD39D74-681A-49B8-8FDA-077B33D42C70}.Debug|Any CPU.Build.0 = Debug|Any CPU
		{7CD39D74-681A-49B8-8FDA-077B33D42C70}.Release|Any CPU.ActiveCfg = Release|Any CPU
		{7CD39D74-681A-49B8-8FDA-077B33D42C70}.Release|Any CPU.Build.0 = Release|Any CPU
	EndGlobalSection
	GlobalSection(SolutionProperties) = preSolution
		HideSolutionNode = FALSE
	EndGlobalSection
	GlobalSection(ExtensibilityGlobals) = postSolution
		SolutionGuid = {52F9CE1A-B06F-4C84-AD22-16B0B75739AA}
	EndGlobalSection
EndGlobal
