
Microsoft Visual Studio Solution File, Format Version 12.00
# Visual Studio Version 16
VisualStudioVersion = 16.0.30503.244
MinimumVisualStudioVersion = 10.0.40219.1
Project("{FAE04EC0-301F-11D3-BF4B-00C04F79EFBC}") = "ASIGNMENT", "ASIGNMENT.csproj", "{DD3C77D1-D466-4B19-A65C-514640D1132A}"
EndProject
Global
	GlobalSection(SolutionConfigurationPlatforms) = preSolution
		Debug|Any CPU = Debug|Any CPU
		Release|Any CPU = Release|Any CPU
	EndGlobalSection
	GlobalSection(ProjectConfigurationPlatforms) = postSolution
		{DD3C77D1-D466-4B19-A65C-514640D1132A}.Debug|Any CPU.ActiveCfg = Debug|Any CPU
		{DD3C77D1-D466-4B19-A65C-514640D1132A}.Debug|Any CPU.Build.0 = Debug|Any CPU
		{DD3C77D1-D466-4B19-A65C-514640D1132A}.Release|Any CPU.ActiveCfg = Release|Any CPU
		{DD3C77D1-D466-4B19-A65C-514640D1132A}.Release|Any CPU.Build.0 = Release|Any CPU
	EndGlobalSection
	GlobalSection(SolutionProperties) = preSolution
		HideSolutionNode = FALSE
	EndGlobalSection
	GlobalSection(ExtensibilityGlobals) = postSolution
		SolutionGuid = {9C612ED1-5F3D-4D0D-A59F-BE3BECABB7F3}
	EndGlobalSection
EndGlobal
