
Microsoft Visual Studio Solution File, Format Version 12.00
# Visual Studio Version 16
VisualStudioVersion = 16.0.30503.244
MinimumVisualStudioVersion = 10.0.40219.1
Project("{FAE04EC0-301F-11D3-BF4B-00C04F79EFBC}") = "Better Calculator", "Better Calculator.csproj", "{684A9ADC-6118-49C9-8FB0-501F93C0B787}"
EndProject
Global
	GlobalSection(SolutionConfigurationPlatforms) = preSolution
		Debug|Any CPU = Debug|Any CPU
		Release|Any CPU = Release|Any CPU
	EndGlobalSection
	GlobalSection(ProjectConfigurationPlatforms) = postSolution
		{684A9ADC-6118-49C9-8FB0-501F93C0B787}.Debug|Any CPU.ActiveCfg = Debug|Any CPU
		{684A9ADC-6118-49C9-8FB0-501F93C0B787}.Debug|Any CPU.Build.0 = Debug|Any CPU
		{684A9ADC-6118-49C9-8FB0-501F93C0B787}.Release|Any CPU.ActiveCfg = Release|Any CPU
		{684A9ADC-6118-49C9-8FB0-501F93C0B787}.Release|Any CPU.Build.0 = Release|Any CPU
	EndGlobalSection
	GlobalSection(SolutionProperties) = preSolution
		HideSolutionNode = FALSE
	EndGlobalSection
	GlobalSection(ExtensibilityGlobals) = postSolution
		SolutionGuid = {BC8EC7A3-27FC-45DC-8CDF-66D997EF566A}
	EndGlobalSection
EndGlobal
