
Microsoft Visual Studio Solution File, Format Version 12.00
# Visual Studio Version 16
VisualStudioVersion = 16.0.30717.126
MinimumVisualStudioVersion = 10.0.40219.1
Project("{FAE04EC0-301F-11D3-BF4B-00C04F79EFBC}") = "FinalExam", "FinalExam.csproj", "{BA1734EA-BD84-4658-9ABE-E6F749A78612}"
EndProject
Global
	GlobalSection(SolutionConfigurationPlatforms) = preSolution
		Debug|Any CPU = Debug|Any CPU
		Release|Any CPU = Release|Any CPU
	EndGlobalSection
	GlobalSection(ProjectConfigurationPlatforms) = postSolution
		{BA1734EA-BD84-4658-9ABE-E6F749A78612}.Debug|Any CPU.ActiveCfg = Debug|Any CPU
		{BA1734EA-BD84-4658-9ABE-E6F749A78612}.Debug|Any CPU.Build.0 = Debug|Any CPU
		{BA1734EA-BD84-4658-9ABE-E6F749A78612}.Release|Any CPU.ActiveCfg = Release|Any CPU
		{BA1734EA-BD84-4658-9ABE-E6F749A78612}.Release|Any CPU.Build.0 = Release|Any CPU
	EndGlobalSection
	GlobalSection(SolutionProperties) = preSolution
		HideSolutionNode = FALSE
	EndGlobalSection
	GlobalSection(ExtensibilityGlobals) = postSolution
		SolutionGuid = {50148EAF-9B82-41E7-B357-A2D590380B63}
	EndGlobalSection
EndGlobal
