
Microsoft Visual Studio Solution File, Format Version 12.00
# Visual Studio Version 16
VisualStudioVersion = 16.0.30503.244
MinimumVisualStudioVersion = 10.0.40219.1
Project("{FAE04EC0-301F-11D3-BF4B-00C04F79EFBC}") = "Week3", "Week3.csproj", "{3C4167D6-172D-4208-8B87-9FA56D8A027A}"
EndProject
Global
	GlobalSection(SolutionConfigurationPlatforms) = preSolution
		Debug|Any CPU = Debug|Any CPU
		Release|Any CPU = Release|Any CPU
	EndGlobalSection
	GlobalSection(ProjectConfigurationPlatforms) = postSolution
		{3C4167D6-172D-4208-8B87-9FA56D8A027A}.Debug|Any CPU.ActiveCfg = Debug|Any CPU
		{3C4167D6-172D-4208-8B87-9FA56D8A027A}.Debug|Any CPU.Build.0 = Debug|Any CPU
		{3C4167D6-172D-4208-8B87-9FA56D8A027A}.Release|Any CPU.ActiveCfg = Release|Any CPU
		{3C4167D6-172D-4208-8B87-9FA56D8A027A}.Release|Any CPU.Build.0 = Release|Any CPU
	EndGlobalSection
	GlobalSection(SolutionProperties) = preSolution
		HideSolutionNode = FALSE
	EndGlobalSection
	GlobalSection(ExtensibilityGlobals) = postSolution
		SolutionGuid = {FB6CC4CD-F53F-451D-AE67-972A17E4F1AA}
	EndGlobalSection
EndGlobal
