
Microsoft Visual Studio Solution File, Format Version 12.00
# Visual Studio Version 16
VisualStudioVersion = 16.0.30503.244
MinimumVisualStudioVersion = 10.0.40219.1
Project("{FAE04EC0-301F-11D3-BF4B-00C04F79EFBC}") = "method", "method.csproj", "{8BF0E374-64D9-4515-B64C-A29F29F02C19}"
EndProject
Global
	GlobalSection(SolutionConfigurationPlatforms) = preSolution
		Debug|Any CPU = Debug|Any CPU
		Release|Any CPU = Release|Any CPU
	EndGlobalSection
	GlobalSection(ProjectConfigurationPlatforms) = postSolution
		{8BF0E374-64D9-4515-B64C-A29F29F02C19}.Debug|Any CPU.ActiveCfg = Debug|Any CPU
		{8BF0E374-64D9-4515-B64C-A29F29F02C19}.Debug|Any CPU.Build.0 = Debug|Any CPU
		{8BF0E374-64D9-4515-B64C-A29F29F02C19}.Release|Any CPU.ActiveCfg = Release|Any CPU
		{8BF0E374-64D9-4515-B64C-A29F29F02C19}.Release|Any CPU.Build.0 = Release|Any CPU
	EndGlobalSection
	GlobalSection(SolutionProperties) = preSolution
		HideSolutionNode = FALSE
	EndGlobalSection
	GlobalSection(ExtensibilityGlobals) = postSolution
		SolutionGuid = {A729622E-DC33-493A-935F-5413DECEBBDC}
	EndGlobalSection
EndGlobal
