
Microsoft Visual Studio Solution File, Format Version 12.00
# Visual Studio Version 16
VisualStudioVersion = 16.0.30523.141
MinimumVisualStudioVersion = 10.0.40219.1
Project("{FAE04EC0-301F-11D3-BF4B-00C04F79EFBC}") = "wk6", "wk6.csproj", "{D7A34F47-1102-456D-B4F8-443EFBE05EE7}"
EndProject
Global
	GlobalSection(SolutionConfigurationPlatforms) = preSolution
		Debug|Any CPU = Debug|Any CPU
		Release|Any CPU = Release|Any CPU
	EndGlobalSection
	GlobalSection(ProjectConfigurationPlatforms) = postSolution
		{D7A34F47-1102-456D-B4F8-443EFBE05EE7}.Debug|Any CPU.ActiveCfg = Debug|Any CPU
		{D7A34F47-1102-456D-B4F8-443EFBE05EE7}.Debug|Any CPU.Build.0 = Debug|Any CPU
		{D7A34F47-1102-456D-B4F8-443EFBE05EE7}.Release|Any CPU.ActiveCfg = Release|Any CPU
		{D7A34F47-1102-456D-B4F8-443EFBE05EE7}.Release|Any CPU.Build.0 = Release|Any CPU
	EndGlobalSection
	GlobalSection(SolutionProperties) = preSolution
		HideSolutionNode = FALSE
	EndGlobalSection
	GlobalSection(ExtensibilityGlobals) = postSolution
		SolutionGuid = {E455886F-B585-44D4-AFBE-703A3AE8FCA1}
	EndGlobalSection
EndGlobal
